
Microsoft Visual Studio Solution File, Format Version 12.00
# Visual Studio 15
VisualStudioVersion = 15.0.27004.2009
MinimumVisualStudioVersion = 10.0.40219.1
Project("{FAE04EC0-301F-11D3-BF4B-00C04F79EFBC}") = "MyAnimals.Android", "MyAnimals\MyAnimals.Android\MyAnimals.Android.csproj", "{CE8E40CC-2BD5-4325-BF91-A4B2164EC0D1}"
EndProject
Project("{FAE04EC0-301F-11D3-BF4B-00C04F79EFBC}") = "MyAnimals.iOS", "MyAnimals\MyAnimals.iOS\MyAnimals.iOS.csproj", "{5741153C-7334-4B37-9F7B-4BCD0AE6945D}"
EndProject
Project("{FAE04EC0-301F-11D3-BF4B-00C04F79EFBC}") = "MyAnimals", "MyAnimals\MyAnimals\MyAnimals.csproj", "{D4D38FC7-C342-4BB4-87E5-484806BF5EAB}"
EndProject
Global
	GlobalSection(SolutionConfigurationPlatforms) = preSolution
		Ad-Hoc|Any CPU = Ad-Hoc|Any CPU
		Ad-Hoc|ARM = Ad-Hoc|ARM
		Ad-Hoc|iPhone = Ad-Hoc|iPhone
		Ad-Hoc|iPhoneSimulator = Ad-Hoc|iPhoneSimulator
		Ad-Hoc|x64 = Ad-Hoc|x64
		Ad-Hoc|x86 = Ad-Hoc|x86
		AppStore|Any CPU = AppStore|Any CPU
		AppStore|ARM = AppStore|ARM
		AppStore|iPhone = AppStore|iPhone
		AppStore|iPhoneSimulator = AppStore|iPhoneSimulator
		AppStore|x64 = AppStore|x64
		AppStore|x86 = AppStore|x86
		Debug|Any CPU = Debug|Any CPU
		Debug|ARM = Debug|ARM
		Debug|iPhone = Debug|iPhone
		Debug|iPhoneSimulator = Debug|iPhoneSimulator
		Debug|x64 = Debug|x64
		Debug|x86 = Debug|x86
		Release|Any CPU = Release|Any CPU
		Release|ARM = Release|ARM
		Release|iPhone = Release|iPhone
		Release|iPhoneSimulator = Release|iPhoneSimulator
		Release|x64 = Release|x64
		Release|x86 = Release|x86
	EndGlobalSection
	GlobalSection(ProjectConfigurationPlatforms) = postSolution
		{CE8E40CC-2BD5-4325-BF91-A4B2164EC0D1}.Ad-Hoc|Any CPU.ActiveCfg = Release|Any CPU
		{CE8E40CC-2BD5-4325-BF91-A4B2164EC0D1}.Ad-Hoc|Any CPU.Build.0 = Release|Any CPU
		{CE8E40CC-2BD5-4325-BF91-A4B2164EC0D1}.Ad-Hoc|Any CPU.Deploy.0 = Release|Any CPU
		{CE8E40CC-2BD5-4325-BF91-A4B2164EC0D1}.Ad-Hoc|ARM.ActiveCfg = Release|Any CPU
		{CE8E40CC-2BD5-4325-BF91-A4B2164EC0D1}.Ad-Hoc|ARM.Build.0 = Release|Any CPU
		{CE8E40CC-2BD5-4325-BF91-A4B2164EC0D1}.Ad-Hoc|ARM.Deploy.0 = Release|Any CPU
		{CE8E40CC-2BD5-4325-BF91-A4B2164EC0D1}.Ad-Hoc|iPhone.ActiveCfg = Release|Any CPU
		{CE8E40CC-2BD5-4325-BF91-A4B2164EC0D1}.Ad-Hoc|iPhone.Build.0 = Release|Any CPU
		{CE8E40CC-2BD5-4325-BF91-A4B2164EC0D1}.Ad-Hoc|iPhone.Deploy.0 = Release|Any CPU
		{CE8E40CC-2BD5-4325-BF91-A4B2164EC0D1}.Ad-Hoc|iPhoneSimulator.ActiveCfg = Release|Any CPU
		{CE8E40CC-2BD5-4325-BF91-A4B2164EC0D1}.Ad-Hoc|iPhoneSimulator.Build.0 = Release|Any CPU
		{CE8E40CC-2BD5-4325-BF91-A4B2164EC0D1}.Ad-Hoc|iPhoneSimulator.Deploy.0 = Release|Any CPU
		{CE8E40CC-2BD5-4325-BF91-A4B2164EC0D1}.Ad-Hoc|x64.ActiveCfg = Release|Any CPU
		{CE8E40CC-2BD5-4325-BF91-A4B2164EC0D1}.Ad-Hoc|x64.Build.0 = Release|Any CPU
		{CE8E40CC-2BD5-4325-BF91-A4B2164EC0D1}.Ad-Hoc|x64.Deploy.0 = Release|Any CPU
		{CE8E40CC-2BD5-4325-BF91-A4B2164EC0D1}.Ad-Hoc|x86.ActiveCfg = Release|Any CPU
		{CE8E40CC-2BD5-4325-BF91-A4B2164EC0D1}.Ad-Hoc|x86.Build.0 = Release|Any CPU
		{CE8E40CC-2BD5-4325-BF91-A4B2164EC0D1}.Ad-Hoc|x86.Deploy.0 = Release|Any CPU
		{CE8E40CC-2BD5-4325-BF91-A4B2164EC0D1}.AppStore|Any CPU.ActiveCfg = Release|Any CPU
		{CE8E40CC-2BD5-4325-BF91-A4B2164EC0D1}.AppStore|Any CPU.Build.0 = Release|Any CPU
		{CE8E40CC-2BD5-4325-BF91-A4B2164EC0D1}.AppStore|Any CPU.Deploy.0 = Release|Any CPU
		{CE8E40CC-2BD5-4325-BF91-A4B2164EC0D1}.AppStore|ARM.ActiveCfg = Release|Any CPU
		{CE8E40CC-2BD5-4325-BF91-A4B2164EC0D1}.AppStore|ARM.Build.0 = Release|Any CPU
		{CE8E40CC-2BD5-4325-BF91-A4B2164EC0D1}.AppStore|ARM.Deploy.0 = Release|Any CPU
		{CE8E40CC-2BD5-4325-BF91-A4B2164EC0D1}.AppStore|iPhone.ActiveCfg = Release|Any CPU
		{CE8E40CC-2BD5-4325-BF91-A4B2164EC0D1}.AppStore|iPhone.Build.0 = Release|Any CPU
		{CE8E40CC-2BD5-4325-BF91-A4B2164EC0D1}.AppStore|iPhone.Deploy.0 = Release|Any CPU
		{CE8E40CC-2BD5-4325-BF91-A4B2164EC0D1}.AppStore|iPhoneSimulator.ActiveCfg = Release|Any CPU
		{CE8E40CC-2BD5-4325-BF91-A4B2164EC0D1}.AppStore|iPhoneSimulator.Build.0 = Release|Any CPU
		{CE8E40CC-2BD5-4325-BF91-A4B2164EC0D1}.AppStore|iPhoneSimulator.Deploy.0 = Release|Any CPU
		{CE8E40CC-2BD5-4325-BF91-A4B2164EC0D1}.AppStore|x64.ActiveCfg = Release|Any CPU
		{CE8E40CC-2BD5-4325-BF91-A4B2164EC0D1}.AppStore|x64.Build.0 = Release|Any CPU
		{CE8E40CC-2BD5-4325-BF91-A4B2164EC0D1}.AppStore|x64.Deploy.0 = Release|Any CPU
		{CE8E40CC-2BD5-4325-BF91-A4B2164EC0D1}.AppStore|x86.ActiveCfg = Release|Any CPU
		{CE8E40CC-2BD5-4325-BF91-A4B2164EC0D1}.AppStore|x86.Build.0 = Release|Any CPU
		{CE8E40CC-2BD5-4325-BF91-A4B2164EC0D1}.AppStore|x86.Deploy.0 = Release|Any CPU
		{CE8E40CC-2BD5-4325-BF91-A4B2164EC0D1}.Debug|Any CPU.ActiveCfg = Debug|Any CPU
		{CE8E40CC-2BD5-4325-BF91-A4B2164EC0D1}.Debug|Any CPU.Build.0 = Debug|Any CPU
		{CE8E40CC-2BD5-4325-BF91-A4B2164EC0D1}.Debug|Any CPU.Deploy.0 = Debug|Any CPU
		{CE8E40CC-2BD5-4325-BF91-A4B2164EC0D1}.Debug|ARM.ActiveCfg = Debug|Any CPU
		{CE8E40CC-2BD5-4325-BF91-A4B2164EC0D1}.Debug|ARM.Build.0 = Debug|Any CPU
		{CE8E40CC-2BD5-4325-BF91-A4B2164EC0D1}.Debug|ARM.Deploy.0 = Debug|Any CPU
		{CE8E40CC-2BD5-4325-BF91-A4B2164EC0D1}.Debug|iPhone.ActiveCfg = Debug|Any CPU
		{CE8E40CC-2BD5-4325-BF91-A4B2164EC0D1}.Debug|iPhone.Build.0 = Debug|Any CPU
		{CE8E40CC-2BD5-4325-BF91-A4B2164EC0D1}.Debug|iPhone.Deploy.0 = Debug|Any CPU
		{CE8E40CC-2BD5-4325-BF91-A4B2164EC0D1}.Debug|iPhoneSimulator.ActiveCfg = Debug|Any CPU
		{CE8E40CC-2BD5-4325-BF91-A4B2164EC0D1}.Debug|iPhoneSimulator.Build.0 = Debug|Any CPU
		{CE8E40CC-2BD5-4325-BF91-A4B2164EC0D1}.Debug|iPhoneSimulator.Deploy.0 = Debug|Any CPU
		{CE8E40CC-2BD5-4325-BF91-A4B2164EC0D1}.Debug|x64.ActiveCfg = Debug|Any CPU
		{CE8E40CC-2BD5-4325-BF91-A4B2164EC0D1}.Debug|x64.Build.0 = Debug|Any CPU
		{CE8E40CC-2BD5-4325-BF91-A4B2164EC0D1}.Debug|x64.Deploy.0 = Debug|Any CPU
		{CE8E40CC-2BD5-4325-BF91-A4B2164EC0D1}.Debug|x86.ActiveCfg = Debug|Any CPU
		{CE8E40CC-2BD5-4325-BF91-A4B2164EC0D1}.Debug|x86.Build.0 = Debug|Any CPU
		{CE8E40CC-2BD5-4325-BF91-A4B2164EC0D1}.Debug|x86.Deploy.0 = Debug|Any CPU
		{CE8E40CC-2BD5-4325-BF91-A4B2164EC0D1}.Release|Any CPU.ActiveCfg = Release|Any CPU
		{CE8E40CC-2BD5-4325-BF91-A4B2164EC0D1}.Release|Any CPU.Build.0 = Release|Any CPU
		{CE8E40CC-2BD5-4325-BF91-A4B2164EC0D1}.Release|Any CPU.Deploy.0 = Release|Any CPU
		{CE8E40CC-2BD5-4325-BF91-A4B2164EC0D1}.Release|ARM.ActiveCfg = Release|Any CPU
		{CE8E40CC-2BD5-4325-BF91-A4B2164EC0D1}.Release|ARM.Build.0 = Release|Any CPU
		{CE8E40CC-2BD5-4325-BF91-A4B2164EC0D1}.Release|ARM.Deploy.0 = Release|Any CPU
		{CE8E40CC-2BD5-4325-BF91-A4B2164EC0D1}.Release|iPhone.ActiveCfg = Release|Any CPU
		{CE8E40CC-2BD5-4325-BF91-A4B2164EC0D1}.Release|iPhone.Build.0 = Release|Any CPU
		{CE8E40CC-2BD5-4325-BF91-A4B2164EC0D1}.Release|iPhone.Deploy.0 = Release|Any CPU
		{CE8E40CC-2BD5-4325-BF91-A4B2164EC0D1}.Release|iPhoneSimulator.ActiveCfg = Release|Any CPU
		{CE8E40CC-2BD5-4325-BF91-A4B2164EC0D1}.Release|iPhoneSimulator.Build.0 = Release|Any CPU
		{CE8E40CC-2BD5-4325-BF91-A4B2164EC0D1}.Release|iPhoneSimulator.Deploy.0 = Release|Any CPU
		{CE8E40CC-2BD5-4325-BF91-A4B2164EC0D1}.Release|x64.ActiveCfg = Release|Any CPU
		{CE8E40CC-2BD5-4325-BF91-A4B2164EC0D1}.Release|x64.Build.0 = Release|Any CPU
		{CE8E40CC-2BD5-4325-BF91-A4B2164EC0D1}.Release|x64.Deploy.0 = Release|Any CPU
		{CE8E40CC-2BD5-4325-BF91-A4B2164EC0D1}.Release|x86.ActiveCfg = Release|Any CPU
		{CE8E40CC-2BD5-4325-BF91-A4B2164EC0D1}.Release|x86.Build.0 = Release|Any CPU
		{CE8E40CC-2BD5-4325-BF91-A4B2164EC0D1}.Release|x86.Deploy.0 = Release|Any CPU
		{5741153C-7334-4B37-9F7B-4BCD0AE6945D}.Ad-Hoc|Any CPU.ActiveCfg = Ad-Hoc|iPhoneSimulator
		{5741153C-7334-4B37-9F7B-4BCD0AE6945D}.Ad-Hoc|ARM.ActiveCfg = Ad-Hoc|iPhone
		{5741153C-7334-4B37-9F7B-4BCD0AE6945D}.Ad-Hoc|iPhone.ActiveCfg = Ad-Hoc|iPhone
		{5741153C-7334-4B37-9F7B-4BCD0AE6945D}.Ad-Hoc|iPhone.Build.0 = Ad-Hoc|iPhone
		{5741153C-7334-4B37-9F7B-4BCD0AE6945D}.Ad-Hoc|iPhoneSimulator.ActiveCfg = Ad-Hoc|iPhoneSimulator
		{5741153C-7334-4B37-9F7B-4BCD0AE6945D}.Ad-Hoc|iPhoneSimulator.Build.0 = Ad-Hoc|iPhoneSimulator
		{5741153C-7334-4B37-9F7B-4BCD0AE6945D}.Ad-Hoc|x64.ActiveCfg = Ad-Hoc|iPhone
		{5741153C-7334-4B37-9F7B-4BCD0AE6945D}.Ad-Hoc|x86.ActiveCfg = Ad-Hoc|iPhone
		{5741153C-7334-4B37-9F7B-4BCD0AE6945D}.AppStore|Any CPU.ActiveCfg = AppStore|iPhoneSimulator
		{5741153C-7334-4B37-9F7B-4BCD0AE6945D}.AppStore|ARM.ActiveCfg = AppStore|iPhone
		{5741153C-7334-4B37-9F7B-4BCD0AE6945D}.AppStore|iPhone.ActiveCfg = AppStore|iPhone
		{5741153C-7334-4B37-9F7B-4BCD0AE6945D}.AppStore|iPhone.Build.0 = AppStore|iPhone
		{5741153C-7334-4B37-9F7B-4BCD0AE6945D}.AppStore|iPhoneSimulator.ActiveCfg = AppStore|iPhoneSimulator
		{5741153C-7334-4B37-9F7B-4BCD0AE6945D}.AppStore|iPhoneSimulator.Build.0 = AppStore|iPhoneSimulator
		{5741153C-7334-4B37-9F7B-4BCD0AE6945D}.AppStore|x64.ActiveCfg = AppStore|iPhone
		{5741153C-7334-4B37-9F7B-4BCD0AE6945D}.AppStore|x86.ActiveCfg = AppStore|iPhone
		{5741153C-7334-4B37-9F7B-4BCD0AE6945D}.Debug|Any CPU.ActiveCfg = Debug|iPhoneSimulator
		{5741153C-7334-4B37-9F7B-4BCD0AE6945D}.Debug|ARM.ActiveCfg = Debug|iPhone
		{5741153C-7334-4B37-9F7B-4BCD0AE6945D}.Debug|iPhone.ActiveCfg = Debug|iPhone
		{5741153C-7334-4B37-9F7B-4BCD0AE6945D}.Debug|iPhone.Build.0 = Debug|iPhone
		{5741153C-7334-4B37-9F7B-4BCD0AE6945D}.Debug|iPhoneSimulator.ActiveCfg = Debug|iPhoneSimulator
		{5741153C-7334-4B37-9F7B-4BCD0AE6945D}.Debug|iPhoneSimulator.Build.0 = Debug|iPhoneSimulator
		{5741153C-7334-4B37-9F7B-4BCD0AE6945D}.Debug|x64.ActiveCfg = Debug|iPhone
		{5741153C-7334-4B37-9F7B-4BCD0AE6945D}.Debug|x86.ActiveCfg = Debug|iPhone
		{5741153C-7334-4B37-9F7B-4BCD0AE6945D}.Release|Any CPU.ActiveCfg = Release|iPhoneSimulator
		{5741153C-7334-4B37-9F7B-4BCD0AE6945D}.Release|ARM.ActiveCfg = Release|iPhone
		{5741153C-7334-4B37-9F7B-4BCD0AE6945D}.Release|iPhone.ActiveCfg = Release|iPhone
		{5741153C-7334-4B37-9F7B-4BCD0AE6945D}.Release|iPhone.Build.0 = Release|iPhone
		{5741153C-7334-4B37-9F7B-4BCD0AE6945D}.Release|iPhoneSimulator.ActiveCfg = Release|iPhoneSimulator
		{5741153C-7334-4B37-9F7B-4BCD0AE6945D}.Release|iPhoneSimulator.Build.0 = Release|iPhoneSimulator
		{5741153C-7334-4B37-9F7B-4BCD0AE6945D}.Release|x64.ActiveCfg = Release|iPhone
		{5741153C-7334-4B37-9F7B-4BCD0AE6945D}.Release|x86.ActiveCfg = Release|iPhone
		{D4D38FC7-C342-4BB4-87E5-484806BF5EAB}.Ad-Hoc|Any CPU.ActiveCfg = Debug|Any CPU
		{D4D38FC7-C342-4BB4-87E5-484806BF5EAB}.Ad-Hoc|Any CPU.Build.0 = Debug|Any CPU
		{D4D38FC7-C342-4BB4-87E5-484806BF5EAB}.Ad-Hoc|ARM.ActiveCfg = Debug|Any CPU
		{D4D38FC7-C342-4BB4-87E5-484806BF5EAB}.Ad-Hoc|ARM.Build.0 = Debug|Any CPU
		{D4D38FC7-C342-4BB4-87E5-484806BF5EAB}.Ad-Hoc|iPhone.ActiveCfg = Debug|Any CPU
		{D4D38FC7-C342-4BB4-87E5-484806BF5EAB}.Ad-Hoc|iPhone.Build.0 = Debug|Any CPU
		{D4D38FC7-C342-4BB4-87E5-484806BF5EAB}.Ad-Hoc|iPhoneSimulator.ActiveCfg = Debug|Any CPU
		{D4D38FC7-C342-4BB4-87E5-484806BF5EAB}.Ad-Hoc|iPhoneSimulator.Build.0 = Debug|Any CPU
		{D4D38FC7-C342-4BB4-87E5-484806BF5EAB}.Ad-Hoc|x64.ActiveCfg = Debug|Any CPU
		{D4D38FC7-C342-4BB4-87E5-484806BF5EAB}.Ad-Hoc|x64.Build.0 = Debug|Any CPU
		{D4D38FC7-C342-4BB4-87E5-484806BF5EAB}.Ad-Hoc|x86.ActiveCfg = Debug|Any CPU
		{D4D38FC7-C342-4BB4-87E5-484806BF5EAB}.Ad-Hoc|x86.Build.0 = Debug|Any CPU
		{D4D38FC7-C342-4BB4-87E5-484806BF5EAB}.AppStore|Any CPU.ActiveCfg = Debug|Any CPU
		{D4D38FC7-C342-4BB4-87E5-484806BF5EAB}.AppStore|Any CPU.Build.0 = Debug|Any CPU
		{D4D38FC7-C342-4BB4-87E5-484806BF5EAB}.AppStore|ARM.ActiveCfg = Debug|Any CPU
		{D4D38FC7-C342-4BB4-87E5-484806BF5EAB}.AppStore|ARM.Build.0 = Debug|Any CPU
		{D4D38FC7-C342-4BB4-87E5-484806BF5EAB}.AppStore|iPhone.ActiveCfg = Debug|Any CPU
		{D4D38FC7-C342-4BB4-87E5-484806BF5EAB}.AppStore|iPhone.Build.0 = Debug|Any CPU
		{D4D38FC7-C342-4BB4-87E5-484806BF5EAB}.AppStore|iPhoneSimulator.ActiveCfg = Debug|Any CPU
		{D4D38FC7-C342-4BB4-87E5-484806BF5EAB}.AppStore|iPhoneSimulator.Build.0 = Debug|Any CPU
		{D4D38FC7-C342-4BB4-87E5-484806BF5EAB}.AppStore|x64.ActiveCfg = Debug|Any CPU
		{D4D38FC7-C342-4BB4-87E5-484806BF5EAB}.AppStore|x64.Build.0 = Debug|Any CPU
		{D4D38FC7-C342-4BB4-87E5-484806BF5EAB}.AppStore|x86.ActiveCfg = Debug|Any CPU
		{D4D38FC7-C342-4BB4-87E5-484806BF5EAB}.AppStore|x86.Build.0 = Debug|Any CPU
		{D4D38FC7-C342-4BB4-87E5-484806BF5EAB}.Debug|Any CPU.ActiveCfg = Debug|Any CPU
		{D4D38FC7-C342-4BB4-87E5-484806BF5EAB}.Debug|Any CPU.Build.0 = Debug|Any CPU
		{D4D38FC7-C342-4BB4-87E5-484806BF5EAB}.Debug|ARM.ActiveCfg = Debug|Any CPU
		{D4D38FC7-C342-4BB4-87E5-484806BF5EAB}.Debug|ARM.Build.0 = Debug|Any CPU
		{D4D38FC7-C342-4BB4-87E5-484806BF5EAB}.Debug|iPhone.ActiveCfg = Debug|Any CPU
		{D4D38FC7-C342-4BB4-87E5-484806BF5EAB}.Debug|iPhone.Build.0 = Debug|Any CPU
		{D4D38FC7-C342-4BB4-87E5-484806BF5EAB}.Debug|iPhoneSimulator.ActiveCfg = Debug|Any CPU
		{D4D38FC7-C342-4BB4-87E5-484806BF5EAB}.Debug|iPhoneSimulator.Build.0 = Debug|Any CPU
		{D4D38FC7-C342-4BB4-87E5-484806BF5EAB}.Debug|x64.ActiveCfg = Debug|Any CPU
		{D4D38FC7-C342-4BB4-87E5-484806BF5EAB}.Debug|x64.Build.0 = Debug|Any CPU
		{D4D38FC7-C342-4BB4-87E5-484806BF5EAB}.Debug|x86.ActiveCfg = Debug|Any CPU
		{D4D38FC7-C342-4BB4-87E5-484806BF5EAB}.Debug|x86.Build.0 = Debug|Any CPU
		{D4D38FC7-C342-4BB4-87E5-484806BF5EAB}.Release|Any CPU.ActiveCfg = Release|Any CPU
		{D4D38FC7-C342-4BB4-87E5-484806BF5EAB}.Release|Any CPU.Build.0 = Release|Any CPU
		{D4D38FC7-C342-4BB4-87E5-484806BF5EAB}.Release|ARM.ActiveCfg = Release|Any CPU
		{D4D38FC7-C342-4BB4-87E5-484806BF5EAB}.Release|ARM.Build.0 = Release|Any CPU
		{D4D38FC7-C342-4BB4-87E5-484806BF5EAB}.Release|iPhone.ActiveCfg = Release|Any CPU
		{D4D38FC7-C342-4BB4-87E5-484806BF5EAB}.Release|iPhone.Build.0 = Release|Any CPU
		{D4D38FC7-C342-4BB4-87E5-484806BF5EAB}.Release|iPhoneSimulator.ActiveCfg = Release|Any CPU
		{D4D38FC7-C342-4BB4-87E5-484806BF5EAB}.Release|iPhoneSimulator.Build.0 = Release|Any CPU
		{D4D38FC7-C342-4BB4-87E5-484806BF5EAB}.Release|x64.ActiveCfg = Release|Any CPU
		{D4D38FC7-C342-4BB4-87E5-484806BF5EAB}.Release|x64.Build.0 = Release|Any CPU
		{D4D38FC7-C342-4BB4-87E5-484806BF5EAB}.Release|x86.ActiveCfg = Release|Any CPU
		{D4D38FC7-C342-4BB4-87E5-484806BF5EAB}.Release|x86.Build.0 = Release|Any CPU
	EndGlobalSection
	GlobalSection(SolutionProperties) = preSolution
		HideSolutionNode = FALSE
	EndGlobalSection
	GlobalSection(ExtensibilityGlobals) = postSolution
		SolutionGuid = {4FEDB75A-4AD7-4612-804F-F5E9BF3B8985}
	EndGlobalSection
EndGlobal
